// !$*UTF8*$!
{
	archiveVersion = 1;
	classes = {
	};
	objectVersion = 54;
	objects = {

/* Begin PBXBuildFile section */
		01464253D68F41F780AA381B /* Raleway-SemiBold.ttf in Resources */ = {isa = PBXBuildFile; fileRef = FAC7A4DB378B420495C66131 /* Raleway-SemiBold.ttf */; };
		0463160015CD4372AF8B2AEA /* Raleway-SemiBoldItalic.ttf in Resources */ = {isa = PBXBuildFile; fileRef = A86003B7357E473A9F4132FF /* Raleway-SemiBoldItalic.ttf */; };
		0C80B921A6F3F58F76C31292 /* libPods-Pawsfect.a in Frameworks */ = {isa = PBXBuildFile; fileRef = 5DCACB8F33CDC322A6C60F78 /* libPods-Pawsfect.a */; };
		0EE325A21DA343DCA087D93A /* Raleway-Regular.ttf in Resources */ = {isa = PBXBuildFile; fileRef = 8F78D11FA65F4ABCBD2BD54E /* Raleway-Regular.ttf */; };
		13B07FBF1A68108700A75B9A /* Images.xcassets in Resources */ = {isa = PBXBuildFile; fileRef = 13B07FB51A68108700A75B9A /* Images.xcassets */; };
		14E3874E99DB4641B7E00598 /* Raleway-BoldItalic.ttf in Resources */ = {isa = PBXBuildFile; fileRef = E57007BB91B1469CAC1C4785 /* Raleway-BoldItalic.ttf */; };
		1AC885958A8E42EBBC206FE5 /* OFL.txt in Resources */ = {isa = PBXBuildFile; fileRef = A8694D6419604D8CB6C09277 /* OFL.txt */; };
		25D06DF78C064454B4A8784B /* Raleway-ExtraBoldItalic.ttf in Resources */ = {isa = PBXBuildFile; fileRef = CC535C4200324489BBBFAFBF /* Raleway-ExtraBoldItalic.ttf */; };
		27C8E5DBCA2144CBA2158222 /* Raleway-ExtraLightItalic.ttf in Resources */ = {isa = PBXBuildFile; fileRef = 2F3EBA3D6DCB466E8030CE4A /* Raleway-ExtraLightItalic.ttf */; };
		3E048A06B368435B9D81AF8F /* Raleway-Italic-VariableFont_wght.ttf in Resources */ = {isa = PBXBuildFile; fileRef = 28A87AE6B78A4C6E8765DAFD /* Raleway-Italic-VariableFont_wght.ttf */; };
		500C5C996792460C93FE2682 /* Raleway-VariableFont_wght.ttf in Resources */ = {isa = PBXBuildFile; fileRef = D228E1EA7B4E4AB3B2A78B50 /* Raleway-VariableFont_wght.ttf */; };
		54106616FF6E4670AAA89929 /* Raleway-Black.ttf in Resources */ = {isa = PBXBuildFile; fileRef = B1C92495CF2944B481B2E107 /* Raleway-Black.ttf */; };
		54A489DBDC2A47798AF44F05 /* Raleway-Light.ttf in Resources */ = {isa = PBXBuildFile; fileRef = 7252537C4056498181366FC8 /* Raleway-Light.ttf */; };
		59A0CF04C688407783D2A3B8 /* Raleway-Italic.ttf in Resources */ = {isa = PBXBuildFile; fileRef = 0C913C0558954686B9387795 /* Raleway-Italic.ttf */; };
		5FF41BB30D1749439D57CDFC /* Raleway-Medium.ttf in Resources */ = {isa = PBXBuildFile; fileRef = 91793C0CB5A64B7EA42BB9F0 /* Raleway-Medium.ttf */; };
		761780ED2CA45674006654EE /* AppDelegate.swift in Sources */ = {isa = PBXBuildFile; fileRef = 761780EC2CA45674006654EE /* AppDelegate.swift */; };
		81AB9BB82411601600AC10FF /* LaunchScreen.storyboard in Resources */ = {isa = PBXBuildFile; fileRef = 81AB9BB72411601600AC10FF /* LaunchScreen.storyboard */; };
		95E3789E30294B5BA7324A19 /* Raleway-Bold.ttf in Resources */ = {isa = PBXBuildFile; fileRef = D52B0F2ECC784D1484EDAD20 /* Raleway-Bold.ttf */; };
		B9368C0C6D4D456DA1A6581F /* Raleway-BlackItalic.ttf in Resources */ = {isa = PBXBuildFile; fileRef = 794EB83B8B444729B60461B5 /* Raleway-BlackItalic.ttf */; };
		C1CF8ABBCB5E4E7C83693621 /* Raleway-ExtraLight.ttf in Resources */ = {isa = PBXBuildFile; fileRef = FB3A435834FB48B1BA459BE2 /* Raleway-ExtraLight.ttf */; };
		C2190BE4CB05455DAE122C2C /* .gitkeep in Resources */ = {isa = PBXBuildFile; fileRef = 6476BCF646C04ECB91FDFA6E /* .gitkeep */; };
		D45123EF8D574756B9E99CC6 /* Raleway-Thin.ttf in Resources */ = {isa = PBXBuildFile; fileRef = A6943B1DA59E4048A8010105 /* Raleway-Thin.ttf */; };
		E0D3E02157EA6B0D9561D058 /* PrivacyInfo.xcprivacy in Resources */ = {isa = PBXBuildFile; fileRef = 13B07FB81A68108700A75B9A /* PrivacyInfo.xcprivacy */; };
		E32B81B5D12C4D4B829F8315 /* Raleway-LightItalic.ttf in Resources */ = {isa = PBXBuildFile; fileRef = 1537753B094441C9A6DE5B21 /* Raleway-LightItalic.ttf */; };
		EC31EB48EF1E4938BBD66215 /* README.txt in Resources */ = {isa = PBXBuildFile; fileRef = B5F4E73F456149FAB0A80BD2 /* README.txt */; };
		EC80644D12434A2CB592751A /* Raleway-MediumItalic.ttf in Resources */ = {isa = PBXBuildFile; fileRef = 986F62F7EAF248F1BEB95FB9 /* Raleway-MediumItalic.ttf */; };
		FBAC1DEFCC424FB7B07E1248 /* Raleway-ExtraBold.ttf in Resources */ = {isa = PBXBuildFile; fileRef = E7FE4BCA6908476E910822CE /* Raleway-ExtraBold.ttf */; };
		FEFDD581247646C8800C28BE /* Raleway-ThinItalic.ttf in Resources */ = {isa = PBXBuildFile; fileRef = A912A4E8F39C47398952C6A7 /* Raleway-ThinItalic.ttf */; };
/* End PBXBuildFile section */

/* Begin PBXFileReference section */
		0C913C0558954686B9387795 /* Raleway-Italic.ttf */ = {isa = PBXFileReference; explicitFileType = undefined; fileEncoding = 9; includeInIndex = 0; lastKnownFileType = unknown; name = "Raleway-Italic.ttf"; path = "../src/assets/fonts/Raleway/static/Raleway-Italic.ttf"; sourceTree = "<group>"; };
		13B07F961A680F5B00A75B9A /* Pawsfect.app */ = {isa = PBXFileReference; explicitFileType = wrapper.application; includeInIndex = 0; path = Pawsfect.app; sourceTree = BUILT_PRODUCTS_DIR; };
		13B07FB51A68108700A75B9A /* Images.xcassets */ = {isa = PBXFileReference; lastKnownFileType = folder.assetcatalog; name = Images.xcassets; path = Pawsfect/Images.xcassets; sourceTree = "<group>"; };
		13B07FB61A68108700A75B9A /* Info.plist */ = {isa = PBXFileReference; fileEncoding = 4; lastKnownFileType = text.plist.xml; name = Info.plist; path = Pawsfect/Info.plist; sourceTree = "<group>"; };
		13B07FB81A68108700A75B9A /* PrivacyInfo.xcprivacy */ = {isa = PBXFileReference; fileEncoding = 4; lastKnownFileType = text.plist.xml; name = PrivacyInfo.xcprivacy; path = Pawsfect/PrivacyInfo.xcprivacy; sourceTree = "<group>"; };
		1537753B094441C9A6DE5B21 /* Raleway-LightItalic.ttf */ = {isa = PBXFileReference; explicitFileType = undefined; fileEncoding = 9; includeInIndex = 0; lastKnownFileType = unknown; name = "Raleway-LightItalic.ttf"; path = "../src/assets/fonts/Raleway/static/Raleway-LightItalic.ttf"; sourceTree = "<group>"; };
		28A87AE6B78A4C6E8765DAFD /* Raleway-Italic-VariableFont_wght.ttf */ = {isa = PBXFileReference; explicitFileType = undefined; fileEncoding = 9; includeInIndex = 0; lastKnownFileType = unknown; name = "Raleway-Italic-VariableFont_wght.ttf"; path = "../src/assets/fonts/Raleway/Raleway-Italic-VariableFont_wght.ttf"; sourceTree = "<group>"; };
		2F3EBA3D6DCB466E8030CE4A /* Raleway-ExtraLightItalic.ttf */ = {isa = PBXFileReference; explicitFileType = undefined; fileEncoding = 9; includeInIndex = 0; lastKnownFileType = unknown; name = "Raleway-ExtraLightItalic.ttf"; path = "../src/assets/fonts/Raleway/static/Raleway-ExtraLightItalic.ttf"; sourceTree = "<group>"; };
		3B4392A12AC88292D35C810B /* Pods-Pawsfect.debug.xcconfig */ = {isa = PBXFileReference; includeInIndex = 1; lastKnownFileType = text.xcconfig; name = "Pods-Pawsfect.debug.xcconfig"; path = "Target Support Files/Pods-Pawsfect/Pods-Pawsfect.debug.xcconfig"; sourceTree = "<group>"; };
		5709B34CF0A7D63546082F79 /* Pods-Pawsfect.release.xcconfig */ = {isa = PBXFileReference; includeInIndex = 1; lastKnownFileType = text.xcconfig; name = "Pods-Pawsfect.release.xcconfig"; path = "Target Support Files/Pods-Pawsfect/Pods-Pawsfect.release.xcconfig"; sourceTree = "<group>"; };
		5DCACB8F33CDC322A6C60F78 /* libPods-Pawsfect.a */ = {isa = PBXFileReference; explicitFileType = archive.ar; includeInIndex = 0; path = "libPods-Pawsfect.a"; sourceTree = BUILT_PRODUCTS_DIR; };
		6476BCF646C04ECB91FDFA6E /* .gitkeep */ = {isa = PBXFileReference; explicitFileType = undefined; fileEncoding = 9; includeInIndex = 0; lastKnownFileType = unknown; name = .gitkeep; path = ../src/assets/fonts/.gitkeep; sourceTree = "<group>"; };
		7252537C4056498181366FC8 /* Raleway-Light.ttf */ = {isa = PBXFileReference; explicitFileType = undefined; fileEncoding = 9; includeInIndex = 0; lastKnownFileType = unknown; name = "Raleway-Light.ttf"; path = "../src/assets/fonts/Raleway/static/Raleway-Light.ttf"; sourceTree = "<group>"; };
		761780EC2CA45674006654EE /* AppDelegate.swift */ = {isa = PBXFileReference; lastKnownFileType = sourcecode.swift; name = AppDelegate.swift; path = Pawsfect/AppDelegate.swift; sourceTree = "<group>"; };
		794EB83B8B444729B60461B5 /* Raleway-BlackItalic.ttf */ = {isa = PBXFileReference; explicitFileType = undefined; fileEncoding = 9; includeInIndex = 0; lastKnownFileType = unknown; name = "Raleway-BlackItalic.ttf"; path = "../src/assets/fonts/Raleway/static/Raleway-BlackItalic.ttf"; sourceTree = "<group>"; };
		81AB9BB72411601600AC10FF /* LaunchScreen.storyboard */ = {isa = PBXFileReference; fileEncoding = 4; lastKnownFileType = file.storyboard; name = LaunchScreen.storyboard; path = Pawsfect/LaunchScreen.storyboard; sourceTree = "<group>"; };
		8F78D11FA65F4ABCBD2BD54E /* Raleway-Regular.ttf */ = {isa = PBXFileReference; explicitFileType = undefined; fileEncoding = 9; includeInIndex = 0; lastKnownFileType = unknown; name = "Raleway-Regular.ttf"; path = "../src/assets/fonts/Raleway/static/Raleway-Regular.ttf"; sourceTree = "<group>"; };
		912E7DC8F137406590C7EFD3 /* Raleway.zip */ = {isa = PBXFileReference; explicitFileType = undefined; fileEncoding = 9; includeInIndex = 0; lastKnownFileType = unknown; name = Raleway.zip; path = ../src/assets/fonts/Raleway.zip; sourceTree = "<group>"; };
		91793C0CB5A64B7EA42BB9F0 /* Raleway-Medium.ttf */ = {isa = PBXFileReference; explicitFileType = undefined; fileEncoding = 9; includeInIndex = 0; lastKnownFileType = unknown; name = "Raleway-Medium.ttf"; path = "../src/assets/fonts/Raleway/static/Raleway-Medium.ttf"; sourceTree = "<group>"; };
		986F62F7EAF248F1BEB95FB9 /* Raleway-MediumItalic.ttf */ = {isa = PBXFileReference; explicitFileType = undefined; fileEncoding = 9; includeInIndex = 0; lastKnownFileType = unknown; name = "Raleway-MediumItalic.ttf"; path = "../src/assets/fonts/Raleway/static/Raleway-MediumItalic.ttf"; sourceTree = "<group>"; };
		A6943B1DA59E4048A8010105 /* Raleway-Thin.ttf */ = {isa = PBXFileReference; explicitFileType = undefined; fileEncoding = 9; includeInIndex = 0; lastKnownFileType = unknown; name = "Raleway-Thin.ttf"; path = "../src/assets/fonts/Raleway/static/Raleway-Thin.ttf"; sourceTree = "<group>"; };
		A86003B7357E473A9F4132FF /* Raleway-SemiBoldItalic.ttf */ = {isa = PBXFileReference; explicitFileType = undefined; fileEncoding = 9; includeInIndex = 0; lastKnownFileType = unknown; name = "Raleway-SemiBoldItalic.ttf"; path = "../src/assets/fonts/Raleway/static/Raleway-SemiBoldItalic.ttf"; sourceTree = "<group>"; };
		A8694D6419604D8CB6C09277 /* OFL.txt */ = {isa = PBXFileReference; explicitFileType = undefined; fileEncoding = 9; includeInIndex = 0; lastKnownFileType = unknown; name = OFL.txt; path = ../src/assets/fonts/Raleway/OFL.txt; sourceTree = "<group>"; };
		A912A4E8F39C47398952C6A7 /* Raleway-ThinItalic.ttf */ = {isa = PBXFileReference; explicitFileType = undefined; fileEncoding = 9; includeInIndex = 0; lastKnownFileType = unknown; name = "Raleway-ThinItalic.ttf"; path = "../src/assets/fonts/Raleway/static/Raleway-ThinItalic.ttf"; sourceTree = "<group>"; };
		B1C92495CF2944B481B2E107 /* Raleway-Black.ttf */ = {isa = PBXFileReference; explicitFileType = undefined; fileEncoding = 9; includeInIndex = 0; lastKnownFileType = unknown; name = "Raleway-Black.ttf"; path = "../src/assets/fonts/Raleway/static/Raleway-Black.ttf"; sourceTree = "<group>"; };
		B5F4E73F456149FAB0A80BD2 /* README.txt */ = {isa = PBXFileReference; explicitFileType = undefined; fileEncoding = 9; includeInIndex = 0; lastKnownFileType = unknown; name = README.txt; path = ../src/assets/fonts/Raleway/README.txt; sourceTree = "<group>"; };
		CC535C4200324489BBBFAFBF /* Raleway-ExtraBoldItalic.ttf */ = {isa = PBXFileReference; explicitFileType = undefined; fileEncoding = 9; includeInIndex = 0; lastKnownFileType = unknown; name = "Raleway-ExtraBoldItalic.ttf"; path = "../src/assets/fonts/Raleway/static/Raleway-ExtraBoldItalic.ttf"; sourceTree = "<group>"; };
		D228E1EA7B4E4AB3B2A78B50 /* Raleway-VariableFont_wght.ttf */ = {isa = PBXFileReference; explicitFileType = undefined; fileEncoding = 9; includeInIndex = 0; lastKnownFileType = unknown; name = "Raleway-VariableFont_wght.ttf"; path = "../src/assets/fonts/Raleway/Raleway-VariableFont_wght.ttf"; sourceTree = "<group>"; };
		D52B0F2ECC784D1484EDAD20 /* Raleway-Bold.ttf */ = {isa = PBXFileReference; explicitFileType = undefined; fileEncoding = 9; includeInIndex = 0; lastKnownFileType = unknown; name = "Raleway-Bold.ttf"; path = "../src/assets/fonts/Raleway/static/Raleway-Bold.ttf"; sourceTree = "<group>"; };
		E57007BB91B1469CAC1C4785 /* Raleway-BoldItalic.ttf */ = {isa = PBXFileReference; explicitFileType = undefined; fileEncoding = 9; includeInIndex = 0; lastKnownFileType = unknown; name = "Raleway-BoldItalic.ttf"; path = "../src/assets/fonts/Raleway/static/Raleway-BoldItalic.ttf"; sourceTree = "<group>"; };
		E7FE4BCA6908476E910822CE /* Raleway-ExtraBold.ttf */ = {isa = PBXFileReference; explicitFileType = undefined; fileEncoding = 9; includeInIndex = 0; lastKnownFileType = unknown; name = "Raleway-ExtraBold.ttf"; path = "../src/assets/fonts/Raleway/static/Raleway-ExtraBold.ttf"; sourceTree = "<group>"; };
		ED297162215061F000B7C4FE /* JavaScriptCore.framework */ = {isa = PBXFileReference; lastKnownFileType = wrapper.framework; name = JavaScriptCore.framework; path = System/Library/Frameworks/JavaScriptCore.framework; sourceTree = SDKROOT; };
		FAC7A4DB378B420495C66131 /* Raleway-SemiBold.ttf */ = {isa = PBXFileReference; explicitFileType = undefined; fileEncoding = 9; includeInIndex = 0; lastKnownFileType = unknown; name = "Raleway-SemiBold.ttf"; path = "../src/assets/fonts/Raleway/static/Raleway-SemiBold.ttf"; sourceTree = "<group>"; };
		FB3A435834FB48B1BA459BE2 /* Raleway-ExtraLight.ttf */ = {isa = PBXFileReference; explicitFileType = undefined; fileEncoding = 9; includeInIndex = 0; lastKnownFileType = unknown; name = "Raleway-ExtraLight.ttf"; path = "../src/assets/fonts/Raleway/static/Raleway-ExtraLight.ttf"; sourceTree = "<group>"; };
/* End PBXFileReference section */

/* Begin PBXFrameworksBuildPhase section */
		13B07F8C1A680F5B00A75B9A /* Frameworks */ = {
			isa = PBXFrameworksBuildPhase;
			buildActionMask = 2147483647;
			files = (
				0C80B921A6F3F58F76C31292 /* libPods-Pawsfect.a in Frameworks */,
			);
			runOnlyForDeploymentPostprocessing = 0;
		};
/* End PBXFrameworksBuildPhase section */

/* Begin PBXGroup section */
		13B07FAE1A68108700A75B9A /* Pawsfect */ = {
			isa = PBXGroup;
			children = (
				13B07FB51A68108700A75B9A /* Images.xcassets */,
				761780EC2CA45674006654EE /* AppDelegate.swift */,
				13B07FB61A68108700A75B9A /* Info.plist */,
				81AB9BB72411601600AC10FF /* LaunchScreen.storyboard */,
				13B07FB81A68108700A75B9A /* PrivacyInfo.xcprivacy */,
			);
			name = Pawsfect;
			sourceTree = "<group>";
		};
		2D16E6871FA4F8E400B85C8A /* Frameworks */ = {
			isa = PBXGroup;
			children = (
				ED297162215061F000B7C4FE /* JavaScriptCore.framework */,
				5DCACB8F33CDC322A6C60F78 /* libPods-Pawsfect.a */,
			);
			name = Frameworks;
			sourceTree = "<group>";
		};
		832341AE1AAA6A7D00B99B32 /* Libraries */ = {
			isa = PBXGroup;
			children = (
			);
			name = Libraries;
			sourceTree = "<group>";
		};
		83CBB9F61A601CBA00E9B192 = {
			isa = PBXGroup;
			children = (
				13B07FAE1A68108700A75B9A /* Pawsfect */,
				832341AE1AAA6A7D00B99B32 /* Libraries */,
				83CBBA001A601CBA00E9B192 /* Products */,
				2D16E6871FA4F8E400B85C8A /* Frameworks */,
				BBD78D7AC51CEA395F1C20DB /* Pods */,
				D360F48CB5DB4CF886D715E5 /* Resources */,
			);
			indentWidth = 2;
			sourceTree = "<group>";
			tabWidth = 2;
			usesTabs = 0;
		};
		83CBBA001A601CBA00E9B192 /* Products */ = {
			isa = PBXGroup;
			children = (
				13B07F961A680F5B00A75B9A /* Pawsfect.app */,
			);
			name = Products;
			sourceTree = "<group>";
		};
		BBD78D7AC51CEA395F1C20DB /* Pods */ = {
			isa = PBXGroup;
			children = (
				3B4392A12AC88292D35C810B /* Pods-Pawsfect.debug.xcconfig */,
				5709B34CF0A7D63546082F79 /* Pods-Pawsfect.release.xcconfig */,
			);
			path = Pods;
			sourceTree = "<group>";
		};
		D360F48CB5DB4CF886D715E5 /* Resources */ = {
			isa = PBXGroup;
			children = (
				6476BCF646C04ECB91FDFA6E /* .gitkeep */,
				28A87AE6B78A4C6E8765DAFD /* Raleway-Italic-VariableFont_wght.ttf */,
				D228E1EA7B4E4AB3B2A78B50 /* Raleway-VariableFont_wght.ttf */,
				B1C92495CF2944B481B2E107 /* Raleway-Black.ttf */,
				794EB83B8B444729B60461B5 /* Raleway-BlackItalic.ttf */,
				D52B0F2ECC784D1484EDAD20 /* Raleway-Bold.ttf */,
				E57007BB91B1469CAC1C4785 /* Raleway-BoldItalic.ttf */,
				E7FE4BCA6908476E910822CE /* Raleway-ExtraBold.ttf */,
				CC535C4200324489BBBFAFBF /* Raleway-ExtraBoldItalic.ttf */,
				FB3A435834FB48B1BA459BE2 /* Raleway-ExtraLight.ttf */,
				2F3EBA3D6DCB466E8030CE4A /* Raleway-ExtraLightItalic.ttf */,
				0C913C0558954686B9387795 /* Raleway-Italic.ttf */,
				7252537C4056498181366FC8 /* Raleway-Light.ttf */,
				1537753B094441C9A6DE5B21 /* Raleway-LightItalic.ttf */,
				91793C0CB5A64B7EA42BB9F0 /* Raleway-Medium.ttf */,
				986F62F7EAF248F1BEB95FB9 /* Raleway-MediumItalic.ttf */,
				8F78D11FA65F4ABCBD2BD54E /* Raleway-Regular.ttf */,
				FAC7A4DB378B420495C66131 /* Raleway-SemiBold.ttf */,
				A86003B7357E473A9F4132FF /* Raleway-SemiBoldItalic.ttf */,
				A6943B1DA59E4048A8010105 /* Raleway-Thin.ttf */,
				A912A4E8F39C47398952C6A7 /* Raleway-ThinItalic.ttf */,
				A8694D6419604D8CB6C09277 /* OFL.txt */,
				B5F4E73F456149FAB0A80BD2 /* README.txt */,
				912E7DC8F137406590C7EFD3 /* Raleway.zip */,
			);
			name = Resources;
			sourceTree = "<group>";
		};
/* End PBXGroup section */

/* Begin PBXNativeTarget section */
		13B07F861A680F5B00A75B9A /* Pawsfect */ = {
			isa = PBXNativeTarget;
			buildConfigurationList = 13B07F931A680F5B00A75B9A /* Build configuration list for PBXNativeTarget "Pawsfect" */;
			buildPhases = (
				C38B50BA6285516D6DCD4F65 /* [CP] Check Pods Manifest.lock */,
				13B07F871A680F5B00A75B9A /* Sources */,
				13B07F8C1A680F5B00A75B9A /* Frameworks */,
				13B07F8E1A680F5B00A75B9A /* Resources */,
				00DD1BFF1BD5951E006B06BC /* Bundle React Native code and images */,
				00EEFC60759A1932668264C0 /* [CP] Embed Pods Frameworks */,
				E235C05ADACE081382539298 /* [CP] Copy Pods Resources */,
			);
			buildRules = (
			);
			dependencies = (
			);
			name = Pawsfect;
			productName = Pawsfect;
			productReference = 13B07F961A680F5B00A75B9A /* Pawsfect.app */;
			productType = "com.apple.product-type.application";
		};
/* End PBXNativeTarget section */

/* Begin PBXProject section */
		83CBB9F71A601CBA00E9B192 /* Project object */ = {
			isa = PBXProject;
			attributes = {
				LastUpgradeCheck = 1210;
				TargetAttributes = {
					13B07F861A680F5B00A75B9A = {
						LastSwiftMigration = 1120;
					};
				};
			};
			buildConfigurationList = 83CBB9FA1A601CBA00E9B192 /* Build configuration list for PBXProject "Pawsfect" */;
			compatibilityVersion = "Xcode 12.0";
			developmentRegion = en;
			hasScannedForEncodings = 0;
			knownRegions = (
				en,
				Base,
			);
			mainGroup = 83CBB9F61A601CBA00E9B192;
			productRefGroup = 83CBBA001A601CBA00E9B192 /* Products */;
			projectDirPath = "";
			projectRoot = "";
			targets = (
				13B07F861A680F5B00A75B9A /* Pawsfect */,
			);
		};
/* End PBXProject section */

/* Begin PBXResourcesBuildPhase section */
		13B07F8E1A680F5B00A75B9A /* Resources */ = {
			isa = PBXResourcesBuildPhase;
			buildActionMask = 2147483647;
			files = (
				81AB9BB82411601600AC10FF /* LaunchScreen.storyboard in Resources */,
				13B07FBF1A68108700A75B9A /* Images.xcassets in Resources */,
				E0D3E02157EA6B0D9561D058 /* PrivacyInfo.xcprivacy in Resources */,
				C2190BE4CB05455DAE122C2C /* .gitkeep in Resources */,
				3E048A06B368435B9D81AF8F /* Raleway-Italic-VariableFont_wght.ttf in Resources */,
				500C5C996792460C93FE2682 /* Raleway-VariableFont_wght.ttf in Resources */,
				54106616FF6E4670AAA89929 /* Raleway-Black.ttf in Resources */,
				B9368C0C6D4D456DA1A6581F /* Raleway-BlackItalic.ttf in Resources */,
				95E3789E30294B5BA7324A19 /* Raleway-Bold.ttf in Resources */,
				14E3874E99DB4641B7E00598 /* Raleway-BoldItalic.ttf in Resources */,
				FBAC1DEFCC424FB7B07E1248 /* Raleway-ExtraBold.ttf in Resources */,
				25D06DF78C064454B4A8784B /* Raleway-ExtraBoldItalic.ttf in Resources */,
				C1CF8ABBCB5E4E7C83693621 /* Raleway-ExtraLight.ttf in Resources */,
				27C8E5DBCA2144CBA2158222 /* Raleway-ExtraLightItalic.ttf in Resources */,
				59A0CF04C688407783D2A3B8 /* Raleway-Italic.ttf in Resources */,
				54A489DBDC2A47798AF44F05 /* Raleway-Light.ttf in Resources */,
				E32B81B5D12C4D4B829F8315 /* Raleway-LightItalic.ttf in Resources */,
				5FF41BB30D1749439D57CDFC /* Raleway-Medium.ttf in Resources */,
				EC80644D12434A2CB592751A /* Raleway-MediumItalic.ttf in Resources */,
				0EE325A21DA343DCA087D93A /* Raleway-Regular.ttf in Resources */,
				01464253D68F41F780AA381B /* Raleway-SemiBold.ttf in Resources */,
				0463160015CD4372AF8B2AEA /* Raleway-SemiBoldItalic.ttf in Resources */,
				D45123EF8D574756B9E99CC6 /* Raleway-Thin.ttf in Resources */,
				FEFDD581247646C8800C28BE /* Raleway-ThinItalic.ttf in Resources */,
				1AC885958A8E42EBBC206FE5 /* OFL.txt in Resources */,
				EC31EB48EF1E4938BBD66215 /* README.txt in Resources */,
			);
			runOnlyForDeploymentPostprocessing = 0;
		};
/* End PBXResourcesBuildPhase section */

/* Begin PBXShellScriptBuildPhase section */
		00DD1BFF1BD5951E006B06BC /* Bundle React Native code and images */ = {
			isa = PBXShellScriptBuildPhase;
			buildActionMask = 2147483647;
			files = (
			);
			inputPaths = (
				"$(SRCROOT)/.xcode.env.local",
				"$(SRCROOT)/.xcode.env",
			);
			name = "Bundle React Native code and images";
			outputPaths = (
			);
			runOnlyForDeploymentPostprocessing = 0;
			shellPath = /bin/sh;
			shellScript = "set -e\n\nWITH_ENVIRONMENT=\"$REACT_NATIVE_PATH/scripts/xcode/with-environment.sh\"\nREACT_NATIVE_XCODE=\"$REACT_NATIVE_PATH/scripts/react-native-xcode.sh\"\n\n/bin/sh -c \"$WITH_ENVIRONMENT $REACT_NATIVE_XCODE\"\n";
		};
		00EEFC60759A1932668264C0 /* [CP] Embed Pods Frameworks */ = {
			isa = PBXShellScriptBuildPhase;
			buildActionMask = 2147483647;
			files = (
			);
			inputFileListPaths = (
				"${PODS_ROOT}/Target Support Files/Pods-Pawsfect/Pods-Pawsfect-frameworks-${CONFIGURATION}-input-files.xcfilelist",
			);
			name = "[CP] Embed Pods Frameworks";
			outputFileListPaths = (
				"${PODS_ROOT}/Target Support Files/Pods-Pawsfect/Pods-Pawsfect-frameworks-${CONFIGURATION}-output-files.xcfilelist",
			);
			runOnlyForDeploymentPostprocessing = 0;
			shellPath = /bin/sh;
			shellScript = "\"${PODS_ROOT}/Target Support Files/Pods-Pawsfect/Pods-Pawsfect-frameworks.sh\"\n";
			showEnvVarsInLog = 0;
		};
		C38B50BA6285516D6DCD4F65 /* [CP] Check Pods Manifest.lock */ = {
			isa = PBXShellScriptBuildPhase;
			buildActionMask = 2147483647;
			files = (
			);
			inputFileListPaths = (
			);
			inputPaths = (
				"${PODS_PODFILE_DIR_PATH}/Podfile.lock",
				"${PODS_ROOT}/Manifest.lock",
			);
			name = "[CP] Check Pods Manifest.lock";
			outputFileListPaths = (
			);
			outputPaths = (
				"$(DERIVED_FILE_DIR)/Pods-Pawsfect-checkManifestLockResult.txt",
			);
			runOnlyForDeploymentPostprocessing = 0;
			shellPath = /bin/sh;
			shellScript = "diff \"${PODS_PODFILE_DIR_PATH}/Podfile.lock\" \"${PODS_ROOT}/Manifest.lock\" > /dev/null\nif [ $? != 0 ] ; then\n    # print error to STDERR\n    echo \"error: The sandbox is not in sync with the Podfile.lock. Run 'pod install' or update your CocoaPods installation.\" >&2\n    exit 1\nfi\n# This output is used by Xcode 'outputs' to avoid re-running this script phase.\necho \"SUCCESS\" > \"${SCRIPT_OUTPUT_FILE_0}\"\n";
			showEnvVarsInLog = 0;
		};
		E235C05ADACE081382539298 /* [CP] Copy Pods Resources */ = {
			isa = PBXShellScriptBuildPhase;
			buildActionMask = 2147483647;
			files = (
			);
			inputFileListPaths = (
				"${PODS_ROOT}/Target Support Files/Pods-Pawsfect/Pods-Pawsfect-resources-${CONFIGURATION}-input-files.xcfilelist",
			);
			name = "[CP] Copy Pods Resources";
			outputFileListPaths = (
				"${PODS_ROOT}/Target Support Files/Pods-Pawsfect/Pods-Pawsfect-resources-${CONFIGURATION}-output-files.xcfilelist",
			);
			runOnlyForDeploymentPostprocessing = 0;
			shellPath = /bin/sh;
			shellScript = "\"${PODS_ROOT}/Target Support Files/Pods-Pawsfect/Pods-Pawsfect-resources.sh\"\n";
			showEnvVarsInLog = 0;
		};
/* End PBXShellScriptBuildPhase section */

/* Begin PBXSourcesBuildPhase section */
		13B07F871A680F5B00A75B9A /* Sources */ = {
			isa = PBXSourcesBuildPhase;
			buildActionMask = 2147483647;
			files = (
				761780ED2CA45674006654EE /* AppDelegate.swift in Sources */,
			);
			runOnlyForDeploymentPostprocessing = 0;
		};
/* End PBXSourcesBuildPhase section */

/* Begin XCBuildConfiguration section */
		13B07F941A680F5B00A75B9A /* Debug */ = {
			isa = XCBuildConfiguration;
			baseConfigurationReference = 3B4392A12AC88292D35C810B /* Pods-Pawsfect.debug.xcconfig */;
			buildSettings = {
				ASSETCATALOG_COMPILER_APPICON_NAME = AppIcon;
				CLANG_ENABLE_MODULES = YES;
				CURRENT_PROJECT_VERSION = 1;
				ENABLE_BITCODE = NO;
				INFOPLIST_FILE = Pawsfect/Info.plist;
				IPHONEOS_DEPLOYMENT_TARGET = 15.1;
				LD_RUNPATH_SEARCH_PATHS = (
					"$(inherited)",
					"@executable_path/Frameworks",
				);
				MARKETING_VERSION = 1.0;
				OTHER_LDFLAGS = (
					"$(inherited)",
					"-ObjC",
					"-lc++",
				);
				PRODUCT_BUNDLE_IDENTIFIER = "org.reactjs.native.example.$(PRODUCT_NAME:rfc1034identifier)";
				PRODUCT_NAME = Pawsfect;
				SWIFT_OPTIMIZATION_LEVEL = "-Onone";
				SWIFT_VERSION = 5.0;
				VERSIONING_SYSTEM = "apple-generic";
			};
			name = Debug;
		};
		13B07F951A680F5B00A75B9A /* Release */ = {
			isa = XCBuildConfiguration;
			baseConfigurationReference = 5709B34CF0A7D63546082F79 /* Pods-Pawsfect.release.xcconfig */;
			buildSettings = {
				ASSETCATALOG_COMPILER_APPICON_NAME = AppIcon;
				CLANG_ENABLE_MODULES = YES;
				CURRENT_PROJECT_VERSION = 1;
				INFOPLIST_FILE = Pawsfect/Info.plist;
				IPHONEOS_DEPLOYMENT_TARGET = 15.1;
				LD_RUNPATH_SEARCH_PATHS = (
					"$(inherited)",
					"@executable_path/Frameworks",
				);
				MARKETING_VERSION = 1.0;
				OTHER_LDFLAGS = (
					"$(inherited)",
					"-ObjC",
					"-lc++",
				);
				PRODUCT_BUNDLE_IDENTIFIER = "org.reactjs.native.example.$(PRODUCT_NAME:rfc1034identifier)";
				PRODUCT_NAME = Pawsfect;
				SWIFT_VERSION = 5.0;
				VERSIONING_SYSTEM = "apple-generic";
			};
			name = Release;
		};
		83CBBA201A601CBA00E9B192 /* Debug */ = {
			isa = XCBuildConfiguration;
			buildSettings = {
				ALWAYS_SEARCH_USER_PATHS = NO;
				CLANG_ANALYZER_LOCALIZABILITY_NONLOCALIZED = YES;
				CLANG_CXX_LANGUAGE_STANDARD = "c++20";
				CLANG_CXX_LIBRARY = "libc++";
				CLANG_ENABLE_MODULES = YES;
				CLANG_ENABLE_OBJC_ARC = YES;
				CLANG_WARN_BLOCK_CAPTURE_AUTORELEASING = YES;
				CLANG_WARN_BOOL_CONVERSION = YES;
				CLANG_WARN_COMMA = YES;
				CLANG_WARN_CONSTANT_CONVERSION = YES;
				CLANG_WARN_DEPRECATED_OBJC_IMPLEMENTATIONS = YES;
				CLANG_WARN_DIRECT_OBJC_ISA_USAGE = YES_ERROR;
				CLANG_WARN_EMPTY_BODY = YES;
				CLANG_WARN_ENUM_CONVERSION = YES;
				CLANG_WARN_INFINITE_RECURSION = YES;
				CLANG_WARN_INT_CONVERSION = YES;
				CLANG_WARN_NON_LITERAL_NULL_CONVERSION = YES;
				CLANG_WARN_OBJC_IMPLICIT_RETAIN_SELF = YES;
				CLANG_WARN_OBJC_LITERAL_CONVERSION = YES;
				CLANG_WARN_OBJC_ROOT_CLASS = YES_ERROR;
				CLANG_WARN_QUOTED_INCLUDE_IN_FRAMEWORK_HEADER = YES;
				CLANG_WARN_RANGE_LOOP_ANALYSIS = YES;
				CLANG_WARN_STRICT_PROTOTYPES = YES;
				CLANG_WARN_SUSPICIOUS_MOVE = YES;
				CLANG_WARN_UNREACHABLE_CODE = YES;
				CLANG_WARN__DUPLICATE_METHOD_MATCH = YES;
				"CODE_SIGN_IDENTITY[sdk=iphoneos*]" = "iPhone Developer";
				COPY_PHASE_STRIP = NO;
				ENABLE_STRICT_OBJC_MSGSEND = YES;
				ENABLE_TESTABILITY = YES;
				"EXCLUDED_ARCHS[sdk=iphonesimulator*]" = "";
				GCC_C_LANGUAGE_STANDARD = gnu99;
				GCC_DYNAMIC_NO_PIC = NO;
				GCC_NO_COMMON_BLOCKS = YES;
				GCC_OPTIMIZATION_LEVEL = 0;
				GCC_PREPROCESSOR_DEFINITIONS = (
					"DEBUG=1",
					"$(inherited)",
				);
				GCC_SYMBOLS_PRIVATE_EXTERN = NO;
				GCC_WARN_64_TO_32_BIT_CONVERSION = YES;
				GCC_WARN_ABOUT_RETURN_TYPE = YES_ERROR;
				GCC_WARN_UNDECLARED_SELECTOR = YES;
				GCC_WARN_UNINITIALIZED_AUTOS = YES_AGGRESSIVE;
				GCC_WARN_UNUSED_FUNCTION = YES;
				GCC_WARN_UNUSED_VARIABLE = YES;
				IPHONEOS_DEPLOYMENT_TARGET = 15.1;
				LD_RUNPATH_SEARCH_PATHS = (
					/usr/lib/swift,
					"$(inherited)",
				);
				LIBRARY_SEARCH_PATHS = (
					"\"$(SDKROOT)/usr/lib/swift\"",
					"\"$(TOOLCHAIN_DIR)/usr/lib/swift/$(PLATFORM_NAME)\"",
					"\"$(inherited)\"",
				);
				MTL_ENABLE_DEBUG_INFO = YES;
				ONLY_ACTIVE_ARCH = YES;
				OTHER_CPLUSPLUSFLAGS = (
					"$(OTHER_CFLAGS)",
					"-DFOLLY_NO_CONFIG",
					"-DFOLLY_MOBILE=1",
					"-DFOLLY_USE_LIBCPP=1",
					"-DFOLLY_CFG_NO_COROUTINES=1",
					"-DFOLLY_HAVE_CLOCK_GETTIME=1",
				);
				OTHER_LDFLAGS = (
					"$(inherited)",
					" ",
				);
				REACT_NATIVE_PATH = "${PODS_ROOT}/../../node_modules/react-native";
				SDKROOT = iphoneos;
				SWIFT_ACTIVE_COMPILATION_CONDITIONS = "$(inherited) DEBUG";
				USE_HERMES = true;
			};
			name = Debug;
		};
		83CBBA211A601CBA00E9B192 /* Release */ = {
			isa = XCBuildConfiguration;
			buildSettings = {
				ALWAYS_SEARCH_USER_PATHS = NO;
				CLANG_ANALYZER_LOCALIZABILITY_NONLOCALIZED = YES;
				CLANG_CXX_LANGUAGE_STANDARD = "c++20";
				CLANG_CXX_LIBRARY = "libc++";
				CLANG_ENABLE_MODULES = YES;
				CLANG_ENABLE_OBJC_ARC = YES;
				CLANG_WARN_BLOCK_CAPTURE_AUTORELEASING = YES;
				CLANG_WARN_BOOL_CONVERSION = YES;
				CLANG_WARN_COMMA = YES;
				CLANG_WARN_CONSTANT_CONVERSION = YES;
				CLANG_WARN_DEPRECATED_OBJC_IMPLEMENTATIONS = YES;
				CLANG_WARN_DIRECT_OBJC_ISA_USAGE = YES_ERROR;
				CLANG_WARN_EMPTY_BODY = YES;
				CLANG_WARN_ENUM_CONVERSION = YES;
				CLANG_WARN_INFINITE_RECURSION = YES;
				CLANG_WARN_INT_CONVERSION = YES;
				CLANG_WARN_NON_LITERAL_NULL_CONVERSION = YES;
				CLANG_WARN_OBJC_IMPLICIT_RETAIN_SELF = YES;
				CLANG_WARN_OBJC_LITERAL_CONVERSION = YES;
				CLANG_WARN_OBJC_ROOT_CLASS = YES_ERROR;
				CLANG_WARN_QUOTED_INCLUDE_IN_FRAMEWORK_HEADER = YES;
				CLANG_WARN_RANGE_LOOP_ANALYSIS = YES;
				CLANG_WARN_STRICT_PROTOTYPES = YES;
				CLANG_WARN_SUSPICIOUS_MOVE = YES;
				CLANG_WARN_UNREACHABLE_CODE = YES;
				CLANG_WARN__DUPLICATE_METHOD_MATCH = YES;
				"CODE_SIGN_IDENTITY[sdk=iphoneos*]" = "iPhone Developer";
				COPY_PHASE_STRIP = YES;
				ENABLE_NS_ASSERTIONS = NO;
				ENABLE_STRICT_OBJC_MSGSEND = YES;
				"EXCLUDED_ARCHS[sdk=iphonesimulator*]" = "";
				GCC_C_LANGUAGE_STANDARD = gnu99;
				GCC_NO_COMMON_BLOCKS = YES;
				GCC_WARN_64_TO_32_BIT_CONVERSION = YES;
				GCC_WARN_ABOUT_RETURN_TYPE = YES_ERROR;
				GCC_WARN_UNDECLARED_SELECTOR = YES;
				GCC_WARN_UNINITIALIZED_AUTOS = YES_AGGRESSIVE;
				GCC_WARN_UNUSED_FUNCTION = YES;
				GCC_WARN_UNUSED_VARIABLE = YES;
				IPHONEOS_DEPLOYMENT_TARGET = 15.1;
				LD_RUNPATH_SEARCH_PATHS = (
					/usr/lib/swift,
					"$(inherited)",
				);
				LIBRARY_SEARCH_PATHS = (
					"\"$(SDKROOT)/usr/lib/swift\"",
					"\"$(TOOLCHAIN_DIR)/usr/lib/swift/$(PLATFORM_NAME)\"",
					"\"$(inherited)\"",
				);
				MTL_ENABLE_DEBUG_INFO = NO;
				OTHER_CPLUSPLUSFLAGS = (
					"$(OTHER_CFLAGS)",
					"-DFOLLY_NO_CONFIG",
					"-DFOLLY_MOBILE=1",
					"-DFOLLY_USE_LIBCPP=1",
					"-DFOLLY_CFG_NO_COROUTINES=1",
					"-DFOLLY_HAVE_CLOCK_GETTIME=1",
				);
				OTHER_LDFLAGS = (
					"$(inherited)",
					" ",
				);
				REACT_NATIVE_PATH = "${PODS_ROOT}/../../node_modules/react-native";
				SDKROOT = iphoneos;
				USE_HERMES = true;
				VALIDATE_PRODUCT = YES;
			};
			name = Release;
		};
/* End XCBuildConfiguration section */

/* Begin XCConfigurationList section */
		13B07F931A680F5B00A75B9A /* Build configuration list for PBXNativeTarget "Pawsfect" */ = {
			isa = XCConfigurationList;
			buildConfigurations = (
				13B07F941A680F5B00A75B9A /* Debug */,
				13B07F951A680F5B00A75B9A /* Release */,
			);
			defaultConfigurationIsVisible = 0;
			defaultConfigurationName = Release;
		};
		83CBB9FA1A601CBA00E9B192 /* Build configuration list for PBXProject "Pawsfect" */ = {
			isa = XCConfigurationList;
			buildConfigurations = (
				83CBBA201A601CBA00E9B192 /* Debug */,
				83CBBA211A601CBA00E9B192 /* Release */,
			);
			defaultConfigurationIsVisible = 0;
			defaultConfigurationName = Release;
		};
/* End XCConfigurationList section */
	};
	rootObject = 83CBB9F71A601CBA00E9B192 /* Project object */;
}
